// !$*UTF8*$!
{
	archiveVersion = 1;
	classes = {
	};
	objectVersion = 46;
	objects = {

/* Begin PBXBuildFile section */
		0D88FD51170BF460005D3291 /* main.c in Sources */ = {isa = PBXBuildFile; fileRef = 0D88FD50170BF460005D3291 /* main.c */; };
		0D88FD53170BF460005D3291 /* InstanceHook.1 in CopyFiles */ = {isa = PBXBuildFile; fileRef = 0D88FD52170BF460005D3291 /* InstanceHook.1 */; };
/* End PBXBuildFile section */

/* Begin PBXCopyFilesBuildPhase section */
		0D88FD4B170BF460005D3291 /* CopyFiles */ = {
			isa = PBXCopyFilesBuildPhase;
			buildActionMask = 2147483647;
			dstPath = /usr/share/man/man1/;
			dstSubfolderSpec = 0;
			files = (
				0D88FD53170BF460005D3291 /* InstanceHook.1 in CopyFiles */,
			);
			runOnlyForDeploymentPostprocessing = 1;
		};
/* End PBXCopyFilesBuildPhase section */

/* Begin PBXFileReference section */
		0D88FD4D170BF460005D3291 /* InstanceHook */ = {isa = PBXFileReference; explicitFileType = "compiled.mach-o.executable"; includeInIndex = 0; path = InstanceHook; sourceTree = BUILT_PRODUCTS_DIR; };
		0D88FD50170BF460005D3291 /* main.c */ = {isa = PBXFileReference; lastKnownFileType = sourcecode.c.c; path = main.c; sourceTree = "<group>"; };
		0D88FD52170BF460005D3291 /* InstanceHook.1 */ = {isa = PBXFileReference; lastKnownFileType = text.man; path = InstanceHook.1; sourceTree = "<group>"; };
/* End PBXFileReference section */

/* Begin PBXFrameworksBuildPhase section */
		0D88FD4A170BF460005D3291 /* Frameworks */ = {
			isa = PBXFrameworksBuildPhase;
			buildActionMask = 2147483647;
			files = (
			);
			runOnlyForDeploymentPostprocessing = 0;
		};
/* End PBXFrameworksBuildPhase section */

/* Begin PBXGroup section */
		0D88FD44170BF460005D3291 = {
			isa = PBXGroup;
			children = (
				0D88FD4F170BF460005D3291 /* InstanceHook */,
				0D88FD4E170BF460005D3291 /* Products */,
			);
			sourceTree = "<group>";
		};
		0D88FD4E170BF460005D3291 /* Products */ = {
			isa = PBXGroup;
			children = (
				0D88FD4D170BF460005D3291 /* InstanceHook */,
			);
			name = Products;
			sourceTree = "<group>";
		};
		0D88FD4F170BF460005D3291 /* InstanceHook */ = {
			isa = PBXGroup;
			children = (
				0D88FD50170BF460005D3291 /* main.c */,
				0D88FD52170BF460005D3291 /* InstanceHook.1 */,
			);
			path = InstanceHook;
			sourceTree = "<group>";
		};
/* End PBXGroup section */

/* Begin PBXNativeTarget section */
		0D88FD4C170BF460005D3291 /* InstanceHook */ = {
			isa = PBXNativeTarget;
			buildConfigurationList = 0D88FD56170BF460005D3291 /* Build configuration list for PBXNativeTarget "InstanceHook" */;
			buildPhases = (
				0D88FD49170BF460005D3291 /* Sources */,
				0D88FD4A170BF460005D3291 /* Frameworks */,
				0D88FD4B170BF460005D3291 /* CopyFiles */,
			);
			buildRules = (
			);
			dependencies = (
			);
			name = InstanceHook;
			productName = InstanceHook;
			productReference = 0D88FD4D170BF460005D3291 /* InstanceHook */;
			productType = "com.apple.product-type.tool";
		};
/* End PBXNativeTarget section */

/* Begin PBXProject section */
		0D88FD45170BF460005D3291 /* Project object */ = {
			isa = PBXProject;
			attributes = {
				LastUpgradeCheck = 0460;
				ORGANIZATIONNAME = "Andrew Richardson";
			};
			buildConfigurationList = 0D88FD48170BF460005D3291 /* Build configuration list for PBXProject "InstanceHook" */;
			compatibilityVersion = "Xcode 3.2";
			developmentRegion = English;
			hasScannedForEncodings = 0;
			knownRegions = (
				en,
			);
			mainGroup = 0D88FD44170BF460005D3291;
			productRefGroup = 0D88FD4E170BF460005D3291 /* Products */;
			projectDirPath = "";
			projectRoot = "";
			targets = (
				0D88FD4C170BF460005D3291 /* InstanceHook */,
			);
		};
/* End PBXProject section */

/* Begin PBXSourcesBuildPhase section */
		0D88FD49170BF460005D3291 /* Sources */ = {
			isa = PBXSourcesBuildPhase;
			buildActionMask = 2147483647;
			files = (
				0D88FD51170BF460005D3291 /* main.c in Sources */,
			);
			runOnlyForDeploymentPostprocessing = 0;
		};
/* End PBXSourcesBuildPhase section */

/* Begin XCBuildConfiguration section */
		0D88FD54170BF460005D3291 /* Debug */ = {
			isa = XCBuildConfiguration;
			buildSettings = {
				ALWAYS_SEARCH_USER_PATHS = NO;
				ARCHS = "$(ARCHS_STANDARD_64_BIT)";
				CLANG_CXX_LANGUAGE_STANDARD = "gnu++0x";
				CLANG_CXX_LIBRARY = "libc++";
				CLANG_WARN_CONSTANT_CONVERSION = YES;
				CLANG_WARN_EMPTY_BODY = YES;
				CLANG_WARN_ENUM_CONVERSION = YES;
				CLANG_WARN_INT_CONVERSION = YES;
				CLANG_WARN__DUPLICATE_METHOD_MATCH = YES;
				COPY_PHASE_STRIP = NO;
				GCC_C_LANGUAGE_STANDARD = gnu99;
				GCC_DYNAMIC_NO_PIC = NO;
				GCC_ENABLE_OBJC_EXCEPTIONS = YES;
				GCC_OPTIMIZATION_LEVEL = 0;
				GCC_PREPROCESSOR_DEFINITIONS = (
					"DEBUG=1",
					"$(inherited)",
				);
				GCC_SYMBOLS_PRIVATE_EXTERN = NO;
				GCC_WARN_64_TO_32_BIT_CONVERSION = YES;
				GCC_WARN_ABOUT_RETURN_TYPE = YES;
				GCC_WARN_UNINITIALIZED_AUTOS = YES;
				GCC_WARN_UNUSED_VARIABLE = YES;
				MACOSX_DEPLOYMENT_TARGET = 10.8;
				ONLY_ACTIVE_ARCH = YES;
				SDKROOT = macosx;
			};
			name = Debug;
		};
		0D88FD55170BF460005D3291 /* Release */ = {
			isa = XCBuildConfiguration;
			buildSettings = {
				ALWAYS_SEARCH_USER_PATHS = NO;
				ARCHS = "$(ARCHS_STANDARD_64_BIT)";
				CLANG_CXX_LANGUAGE_STANDARD = "gnu++0x";
				CLANG_CXX_LIBRARY = "libc++";
				CLANG_WARN_CONSTANT_CONVERSION = YES;
				CLANG_WARN_EMPTY_BODY = YES;
				CLANG_WARN_ENUM_CONVERSION = YES;
				CLANG_WARN_INT_CONVERSION = YES;
				CLANG_WARN__DUPLICATE_METHOD_MATCH = YES;
				COPY_PHASE_STRIP = YES;
				DEBUG_INFORMATION_FORMAT = "dwarf-with-dsym";
				GCC_C_LANGUAGE_STANDARD = gnu99;
				GCC_ENABLE_OBJC_EXCEPTIONS = YES;
				GCC_WARN_64_TO_32_BIT_CONVERSION = YES;
				GCC_WARN_ABOUT_RETURN_TYPE = YES;
				GCC_WARN_UNINITIALIZED_AUTOS = YES;
				GCC_WARN_UNUSED_VARIABLE = YES;
				MACOSX_DEPLOYMENT_TARGET = 10.8;
				SDKROOT = macosx;
			};
			name = Release;
		};
		0D88FD57170BF460005D3291 /* Debug */ = {
			isa = XCBuildConfiguration;
			buildSettings = {
				PRODUCT_NAME = "$(TARGET_NAME)";
			};
			name = Debug;
		};
		0D88FD58170BF460005D3291 /* Release */ = {
			isa = XCBuildConfiguration;
			buildSettings = {
				PRODUCT_NAME = "$(TARGET_NAME)";
			};
			name = Release;
		};
/* End XCBuildConfiguration section */

/* Begin XCConfigurationList section */
		0D88FD48170BF460005D3291 /* Build configuration list for PBXProject "InstanceHook" */ = {
			isa = XCConfigurationList;
			buildConfigurations = (
				0D88FD54170BF460005D3291 /* Debug */,
				0D88FD55170BF460005D3291 /* Release */,
			);
			defaultConfigurationIsVisible = 0;
			defaultConfigurationName = Release;
		};
		0D88FD56170BF460005D3291 /* Build configuration list for PBXNativeTarget "InstanceHook" */ = {
			isa = XCConfigurationList;
			buildConfigurations = (
				0D88FD57170BF460005D3291 /* Debug */,
				0D88FD58170BF460005D3291 /* Release */,
			);
			defaultConfigurationIsVisible = 0;
		};
/* End XCConfigurationList section */
	};
	rootObject = 0D88FD45170BF460005D3291 /* Project object */;
}
